// !$*UTF8*$!
{
	archiveVersion = 1;
	classes = {
	};
	objectVersion = 56;
	objects = {

/* Begin PBXBuildFile section */
		21EF2DCE2C0ADE6C006370A9 /* NearByApp.swift in Sources */ = {isa = PBXBuildFile; fileRef = 21EF2DCD2C0ADE6C006370A9 /* NearByApp.swift */; };
		21EF2DD02C0ADE6C006370A9 /* ContentView.swift in Sources */ = {isa = PBXBuildFile; fileRef = 21EF2DCF2C0ADE6C006370A9 /* ContentView.swift */; };
		21EF2DD22C0ADE6E006370A9 /* Assets.xcassets in Resources */ = {isa = PBXBuildFile; fileRef = 21EF2DD12C0ADE6E006370A9 /* Assets.xcassets */; };
		21EF2DD52C0ADE6E006370A9 /* Preview Assets.xcassets in Resources */ = {isa = PBXBuildFile; fileRef = 21EF2DD42C0ADE6E006370A9 /* Preview Assets.xcassets */; };
		21EF2DDF2C0ADE6E006370A9 /* NearByTests.swift in Sources */ = {isa = PBXBuildFile; fileRef = 21EF2DDE2C0ADE6E006370A9 /* NearByTests.swift */; };
		21EF2DE92C0ADE6E006370A9 /* NearByUITests.swift in Sources */ = {isa = PBXBuildFile; fileRef = 21EF2DE82C0ADE6E006370A9 /* NearByUITests.swift */; };
		21EF2DEB2C0ADE6E006370A9 /* NearByUITestsLaunchTests.swift in Sources */ = {isa = PBXBuildFile; fileRef = 21EF2DEA2C0ADE6E006370A9 /* NearByUITestsLaunchTests.swift */; };
		21EF2E032C0ADF6E006370A9 /* LocationError.swift in Sources */ = {isa = PBXBuildFile; fileRef = 21EF2DFF2C0ADF6E006370A9 /* LocationError.swift */; };
		21EF2E042C0ADF6E006370A9 /* LocationCoreManager.swift in Sources */ = {isa = PBXBuildFile; fileRef = 21EF2E002C0ADF6E006370A9 /* LocationCoreManager.swift */; };
		21EF2E052C0ADF6E006370A9 /* LocationManagerProtocol.swift in Sources */ = {isa = PBXBuildFile; fileRef = 21EF2E012C0ADF6E006370A9 /* LocationManagerProtocol.swift */; };
		21EF2E062C0ADF6E006370A9 /* LocationService.swift in Sources */ = {isa = PBXBuildFile; fileRef = 21EF2E022C0ADF6E006370A9 /* LocationService.swift */; };
		21EF2E082C0ADFA3006370A9 /* Venue.swift in Sources */ = {isa = PBXBuildFile; fileRef = 21EF2E072C0ADFA3006370A9 /* Venue.swift */; };
		21EF2E0B2C0ADFCB006370A9 /* CacheError.swift in Sources */ = {isa = PBXBuildFile; fileRef = 21EF2E092C0ADFCB006370A9 /* CacheError.swift */; };
		21EF2E0C2C0ADFCB006370A9 /* CacheService.swift in Sources */ = {isa = PBXBuildFile; fileRef = 21EF2E0A2C0ADFCB006370A9 /* CacheService.swift */; };
		21EF2E102C0ADFFB006370A9 /* VenueServiceConstant.swift in Sources */ = {isa = PBXBuildFile; fileRef = 21EF2E0D2C0ADFFB006370A9 /* VenueServiceConstant.swift */; };
		21EF2E112C0ADFFB006370A9 /* VenueService.swift in Sources */ = {isa = PBXBuildFile; fileRef = 21EF2E0E2C0ADFFB006370A9 /* VenueService.swift */; };
		21EF2E122C0ADFFB006370A9 /* VenueServiceError.swift in Sources */ = {isa = PBXBuildFile; fileRef = 21EF2E0F2C0ADFFB006370A9 /* VenueServiceError.swift */; };
		21EF2E142C0AE02A006370A9 /* SearchBar.swift in Sources */ = {isa = PBXBuildFile; fileRef = 21EF2E132C0AE02A006370A9 /* SearchBar.swift */; };
/* End PBXBuildFile section */

/* Begin PBXContainerItemProxy section */
		21EF2DDB2C0ADE6E006370A9 /* PBXContainerItemProxy */ = {
			isa = PBXContainerItemProxy;
			containerPortal = 21EF2DC22C0ADE6C006370A9 /* Project object */;
			proxyType = 1;
			remoteGlobalIDString = 21EF2DC92C0ADE6C006370A9;
			remoteInfo = NearBy;
		};
		21EF2DE52C0ADE6E006370A9 /* PBXContainerItemProxy */ = {
			isa = PBXContainerItemProxy;
			containerPortal = 21EF2DC22C0ADE6C006370A9 /* Project object */;
			proxyType = 1;
			remoteGlobalIDString = 21EF2DC92C0ADE6C006370A9;
			remoteInfo = NearBy;
		};
/* End PBXContainerItemProxy section */

/* Begin PBXFileReference section */
		21EF2DCA2C0ADE6C006370A9 /* NearBy.app */ = {isa = PBXFileReference; explicitFileType = wrapper.application; includeInIndex = 0; path = NearBy.app; sourceTree = BUILT_PRODUCTS_DIR; };
		21EF2DCD2C0ADE6C006370A9 /* NearByApp.swift */ = {isa = PBXFileReference; lastKnownFileType = sourcecode.swift; path = NearByApp.swift; sourceTree = "<group>"; };
		21EF2DCF2C0ADE6C006370A9 /* ContentView.swift */ = {isa = PBXFileReference; lastKnownFileType = sourcecode.swift; path = ContentView.swift; sourceTree = "<group>"; };
		21EF2DD12C0ADE6E006370A9 /* Assets.xcassets */ = {isa = PBXFileReference; lastKnownFileType = folder.assetcatalog; path = Assets.xcassets; sourceTree = "<group>"; };
		21EF2DD42C0ADE6E006370A9 /* Preview Assets.xcassets */ = {isa = PBXFileReference; lastKnownFileType = folder.assetcatalog; path = "Preview Assets.xcassets"; sourceTree = "<group>"; };
		21EF2DDA2C0ADE6E006370A9 /* NearByTests.xctest */ = {isa = PBXFileReference; explicitFileType = wrapper.cfbundle; includeInIndex = 0; path = NearByTests.xctest; sourceTree = BUILT_PRODUCTS_DIR; };
		21EF2DDE2C0ADE6E006370A9 /* NearByTests.swift */ = {isa = PBXFileReference; lastKnownFileType = sourcecode.swift; path = NearByTests.swift; sourceTree = "<group>"; };
		21EF2DE42C0ADE6E006370A9 /* NearByUITests.xctest */ = {isa = PBXFileReference; explicitFileType = wrapper.cfbundle; includeInIndex = 0; path = NearByUITests.xctest; sourceTree = BUILT_PRODUCTS_DIR; };
		21EF2DE82C0ADE6E006370A9 /* NearByUITests.swift */ = {isa = PBXFileReference; lastKnownFileType = sourcecode.swift; path = NearByUITests.swift; sourceTree = "<group>"; };
		21EF2DEA2C0ADE6E006370A9 /* NearByUITestsLaunchTests.swift */ = {isa = PBXFileReference; lastKnownFileType = sourcecode.swift; path = NearByUITestsLaunchTests.swift; sourceTree = "<group>"; };
		21EF2DFF2C0ADF6E006370A9 /* LocationError.swift */ = {isa = PBXFileReference; fileEncoding = 4; lastKnownFileType = sourcecode.swift; path = LocationError.swift; sourceTree = "<group>"; };
		21EF2E002C0ADF6E006370A9 /* LocationCoreManager.swift */ = {isa = PBXFileReference; fileEncoding = 4; lastKnownFileType = sourcecode.swift; path = LocationCoreManager.swift; sourceTree = "<group>"; };
		21EF2E012C0ADF6E006370A9 /* LocationManagerProtocol.swift */ = {isa = PBXFileReference; fileEncoding = 4; lastKnownFileType = sourcecode.swift; path = LocationManagerProtocol.swift; sourceTree = "<group>"; };
		21EF2E022C0ADF6E006370A9 /* LocationService.swift */ = {isa = PBXFileReference; fileEncoding = 4; lastKnownFileType = sourcecode.swift; path = LocationService.swift; sourceTree = "<group>"; };
		21EF2E072C0ADFA3006370A9 /* Venue.swift */ = {isa = PBXFileReference; fileEncoding = 4; lastKnownFileType = sourcecode.swift; path = Venue.swift; sourceTree = "<group>"; };
		21EF2E092C0ADFCB006370A9 /* CacheError.swift */ = {isa = PBXFileReference; fileEncoding = 4; lastKnownFileType = sourcecode.swift; path = CacheError.swift; sourceTree = "<group>"; };
		21EF2E0A2C0ADFCB006370A9 /* CacheService.swift */ = {isa = PBXFileReference; fileEncoding = 4; lastKnownFileType = sourcecode.swift; path = CacheService.swift; sourceTree = "<group>"; };
		21EF2E0D2C0ADFFB006370A9 /* VenueServiceConstant.swift */ = {isa = PBXFileReference; fileEncoding = 4; lastKnownFileType = sourcecode.swift; path = VenueServiceConstant.swift; sourceTree = "<group>"; };
		21EF2E0E2C0ADFFB006370A9 /* VenueService.swift */ = {isa = PBXFileReference; fileEncoding = 4; lastKnownFileType = sourcecode.swift; path = VenueService.swift; sourceTree = "<group>"; };
		21EF2E0F2C0ADFFB006370A9 /* VenueServiceError.swift */ = {isa = PBXFileReference; fileEncoding = 4; lastKnownFileType = sourcecode.swift; path = VenueServiceError.swift; sourceTree = "<group>"; };
		21EF2E132C0AE02A006370A9 /* SearchBar.swift */ = {isa = PBXFileReference; fileEncoding = 4; lastKnownFileType = sourcecode.swift; path = SearchBar.swift; sourceTree = "<group>"; };
/* End PBXFileReference section */

/* Begin PBXFrameworksBuildPhase section */
		21EF2DC72C0ADE6C006370A9 /* Frameworks */ = {
			isa = PBXFrameworksBuildPhase;
			buildActionMask = 2147483647;
			files = (
			);
			runOnlyForDeploymentPostprocessing = 0;
		};
		21EF2DD72C0ADE6E006370A9 /* Frameworks */ = {
			isa = PBXFrameworksBuildPhase;
			buildActionMask = 2147483647;
			files = (
			);
			runOnlyForDeploymentPostprocessing = 0;
		};
		21EF2DE12C0ADE6E006370A9 /* Frameworks */ = {
			isa = PBXFrameworksBuildPhase;
			buildActionMask = 2147483647;
			files = (
			);
			runOnlyForDeploymentPostprocessing = 0;
		};
/* End PBXFrameworksBuildPhase section */

/* Begin PBXGroup section */
		21EF2DC12C0ADE6C006370A9 = {
			isa = PBXGroup;
			children = (
				21EF2DCC2C0ADE6C006370A9 /* NearBy */,
				21EF2DDD2C0ADE6E006370A9 /* NearByTests */,
				21EF2DE72C0ADE6E006370A9 /* NearByUITests */,
				21EF2DCB2C0ADE6C006370A9 /* Products */,
			);
			sourceTree = "<group>";
		};
		21EF2DCB2C0ADE6C006370A9 /* Products */ = {
			isa = PBXGroup;
			children = (
				21EF2DCA2C0ADE6C006370A9 /* NearBy.app */,
				21EF2DDA2C0ADE6E006370A9 /* NearByTests.xctest */,
				21EF2DE42C0ADE6E006370A9 /* NearByUITests.xctest */,
			);
			name = Products;
			sourceTree = "<group>";
		};
		21EF2DCC2C0ADE6C006370A9 /* NearBy */ = {
			isa = PBXGroup;
			children = (
				21EF2DFA2C0ADF12006370A9 /* App */,
				21EF2DF92C0ADF0A006370A9 /* VenuesList */,
				21EF2DF82C0ADF03006370A9 /* LocationManager */,
				21EF2DF72C0ADEF9006370A9 /* Common + Views */,
				21EF2DCF2C0ADE6C006370A9 /* ContentView.swift */,
				21EF2DD12C0ADE6E006370A9 /* Assets.xcassets */,
				21EF2DD32C0ADE6E006370A9 /* Preview Content */,
			);
			path = NearBy;
			sourceTree = "<group>";
		};
		21EF2DD32C0ADE6E006370A9 /* Preview Content */ = {
			isa = PBXGroup;
			children = (
				21EF2DD42C0ADE6E006370A9 /* Preview Assets.xcassets */,
			);
			path = "Preview Content";
			sourceTree = "<group>";
		};
		21EF2DDD2C0ADE6E006370A9 /* NearByTests */ = {
			isa = PBXGroup;
			children = (
				21EF2DDE2C0ADE6E006370A9 /* NearByTests.swift */,
			);
			path = NearByTests;
			sourceTree = "<group>";
		};
		21EF2DE72C0ADE6E006370A9 /* NearByUITests */ = {
			isa = PBXGroup;
			children = (
				21EF2DE82C0ADE6E006370A9 /* NearByUITests.swift */,
				21EF2DEA2C0ADE6E006370A9 /* NearByUITestsLaunchTests.swift */,
			);
			path = NearByUITests;
			sourceTree = "<group>";
		};
		21EF2DF72C0ADEF9006370A9 /* Common + Views */ = {
			isa = PBXGroup;
			children = (
				21EF2E132C0AE02A006370A9 /* SearchBar.swift */,
			);
			path = "Common + Views";
			sourceTree = "<group>";
		};
		21EF2DF82C0ADF03006370A9 /* LocationManager */ = {
			isa = PBXGroup;
			children = (
				21EF2E002C0ADF6E006370A9 /* LocationCoreManager.swift */,
				21EF2DFF2C0ADF6E006370A9 /* LocationError.swift */,
				21EF2E012C0ADF6E006370A9 /* LocationManagerProtocol.swift */,
				21EF2E022C0ADF6E006370A9 /* LocationService.swift */,
			);
			path = LocationManager;
			sourceTree = "<group>";
		};
		21EF2DF92C0ADF0A006370A9 /* VenuesList */ = {
			isa = PBXGroup;
			children = (
				21EF2DFE2C0ADF3A006370A9 /* Model */,
				21EF2DFD2C0ADF33006370A9 /* Services */,
				21EF2DFC2C0ADF2C006370A9 /* ViewModel */,
				21EF2DFB2C0ADF27006370A9 /* View */,
			);
			path = VenuesList;
			sourceTree = "<group>";
		};
		21EF2DFA2C0ADF12006370A9 /* App */ = {
			isa = PBXGroup;
			children = (
				21EF2DCD2C0ADE6C006370A9 /* NearByApp.swift */,
			);
			path = App;
			sourceTree = "<group>";
		};
		21EF2DFB2C0ADF27006370A9 /* View */ = {
			isa = PBXGroup;
			children = (
			);
			path = View;
			sourceTree = "<group>";
		};
		21EF2DFC2C0ADF2C006370A9 /* ViewModel */ = {
			isa = PBXGroup;
			children = (
			);
			path = ViewModel;
			sourceTree = "<group>";
		};
		21EF2DFD2C0ADF33006370A9 /* Services */ = {
			isa = PBXGroup;
			children = (
				21EF2E0E2C0ADFFB006370A9 /* VenueService.swift */,
				21EF2E0D2C0ADFFB006370A9 /* VenueServiceConstant.swift */,
				21EF2E0F2C0ADFFB006370A9 /* VenueServiceError.swift */,
				21EF2E092C0ADFCB006370A9 /* CacheError.swift */,
				21EF2E0A2C0ADFCB006370A9 /* CacheService.swift */,
			);
			path = Services;
			sourceTree = "<group>";
		};
		21EF2DFE2C0ADF3A006370A9 /* Model */ = {
			isa = PBXGroup;
			children = (
				21EF2E072C0ADFA3006370A9 /* Venue.swift */,
			);
			path = Model;
			sourceTree = "<group>";
		};
/* End PBXGroup section */

/* Begin PBXNativeTarget section */
		21EF2DC92C0ADE6C006370A9 /* NearBy */ = {
			isa = PBXNativeTarget;
			buildConfigurationList = 21EF2DEE2C0ADE6E006370A9 /* Build configuration list for PBXNativeTarget "NearBy" */;
			buildPhases = (
				21EF2DC62C0ADE6C006370A9 /* Sources */,
				21EF2DC72C0ADE6C006370A9 /* Frameworks */,
				21EF2DC82C0ADE6C006370A9 /* Resources */,
			);
			buildRules = (
			);
			dependencies = (
			);
			name = NearBy;
			productName = NearBy;
			productReference = 21EF2DCA2C0ADE6C006370A9 /* NearBy.app */;
			productType = "com.apple.product-type.application";
		};
		21EF2DD92C0ADE6E006370A9 /* NearByTests */ = {
			isa = PBXNativeTarget;
			buildConfigurationList = 21EF2DF12C0ADE6E006370A9 /* Build configuration list for PBXNativeTarget "NearByTests" */;
			buildPhases = (
				21EF2DD62C0ADE6E006370A9 /* Sources */,
				21EF2DD72C0ADE6E006370A9 /* Frameworks */,
				21EF2DD82C0ADE6E006370A9 /* Resources */,
			);
			buildRules = (
			);
			dependencies = (
				21EF2DDC2C0ADE6E006370A9 /* PBXTargetDependency */,
			);
			name = NearByTests;
			productName = NearByTests;
			productReference = 21EF2DDA2C0ADE6E006370A9 /* NearByTests.xctest */;
			productType = "com.apple.product-type.bundle.unit-test";
		};
		21EF2DE32C0ADE6E006370A9 /* NearByUITests */ = {
			isa = PBXNativeTarget;
			buildConfigurationList = 21EF2DF42C0ADE6E006370A9 /* Build configuration list for PBXNativeTarget "NearByUITests" */;
			buildPhases = (
				21EF2DE02C0ADE6E006370A9 /* Sources */,
				21EF2DE12C0ADE6E006370A9 /* Frameworks */,
				21EF2DE22C0ADE6E006370A9 /* Resources */,
			);
			buildRules = (
			);
			dependencies = (
				21EF2DE62C0ADE6E006370A9 /* PBXTargetDependency */,
			);
			name = NearByUITests;
			productName = NearByUITests;
			productReference = 21EF2DE42C0ADE6E006370A9 /* NearByUITests.xctest */;
			productType = "com.apple.product-type.bundle.ui-testing";
		};
/* End PBXNativeTarget section */

/* Begin PBXProject section */
		21EF2DC22C0ADE6C006370A9 /* Project object */ = {
			isa = PBXProject;
			attributes = {
				BuildIndependentTargetsInParallel = 1;
				LastSwiftUpdateCheck = 1500;
				LastUpgradeCheck = 1500;
				TargetAttributes = {
					21EF2DC92C0ADE6C006370A9 = {
						CreatedOnToolsVersion = 15.0.1;
					};
					21EF2DD92C0ADE6E006370A9 = {
						CreatedOnToolsVersion = 15.0.1;
						TestTargetID = 21EF2DC92C0ADE6C006370A9;
					};
					21EF2DE32C0ADE6E006370A9 = {
						CreatedOnToolsVersion = 15.0.1;
						TestTargetID = 21EF2DC92C0ADE6C006370A9;
					};
				};
			};
			buildConfigurationList = 21EF2DC52C0ADE6C006370A9 /* Build configuration list for PBXProject "NearBy" */;
			compatibilityVersion = "Xcode 14.0";
			developmentRegion = en;
			hasScannedForEncodings = 0;
			knownRegions = (
				en,
				Base,
			);
			mainGroup = 21EF2DC12C0ADE6C006370A9;
			productRefGroup = 21EF2DCB2C0ADE6C006370A9 /* Products */;
			projectDirPath = "";
			projectRoot = "";
			targets = (
				21EF2DC92C0ADE6C006370A9 /* NearBy */,
				21EF2DD92C0ADE6E006370A9 /* NearByTests */,
				21EF2DE32C0ADE6E006370A9 /* NearByUITests */,
			);
		};
/* End PBXProject section */

/* Begin PBXResourcesBuildPhase section */
		21EF2DC82C0ADE6C006370A9 /* Resources */ = {
			isa = PBXResourcesBuildPhase;
			buildActionMask = 2147483647;
			files = (
				21EF2DD52C0ADE6E006370A9 /* Preview Assets.xcassets in Resources */,
				21EF2DD22C0ADE6E006370A9 /* Assets.xcassets in Resources */,
			);
			runOnlyForDeploymentPostprocessing = 0;
		};
		21EF2DD82C0ADE6E006370A9 /* Resources */ = {
			isa = PBXResourcesBuildPhase;
			buildActionMask = 2147483647;
			files = (
			);
			runOnlyForDeploymentPostprocessing = 0;
		};
		21EF2DE22C0ADE6E006370A9 /* Resources */ = {
			isa = PBXResourcesBuildPhase;
			buildActionMask = 2147483647;
			files = (
			);
			runOnlyForDeploymentPostprocessing = 0;
		};
/* End PBXResourcesBuildPhase section */

/* Begin PBXSourcesBuildPhase section */
		21EF2DC62C0ADE6C006370A9 /* Sources */ = {
			isa = PBXSourcesBuildPhase;
			buildActionMask = 2147483647;
			files = (
				21EF2E142C0AE02A006370A9 /* SearchBar.swift in Sources */,
				21EF2E122C0ADFFB006370A9 /* VenueServiceError.swift in Sources */,
				21EF2E032C0ADF6E006370A9 /* LocationError.swift in Sources */,
				21EF2E0B2C0ADFCB006370A9 /* CacheError.swift in Sources */,
				21EF2E042C0ADF6E006370A9 /* LocationCoreManager.swift in Sources */,
				21EF2DD02C0ADE6C006370A9 /* ContentView.swift in Sources */,
				21EF2E082C0ADFA3006370A9 /* Venue.swift in Sources */,
				21EF2DCE2C0ADE6C006370A9 /* NearByApp.swift in Sources */,
				21EF2E062C0ADF6E006370A9 /* LocationService.swift in Sources */,
				21EF2E102C0ADFFB006370A9 /* VenueServiceConstant.swift in Sources */,
				21EF2E112C0ADFFB006370A9 /* VenueService.swift in Sources */,
				21EF2E0C2C0ADFCB006370A9 /* CacheService.swift in Sources */,
				21EF2E052C0ADF6E006370A9 /* LocationManagerProtocol.swift in Sources */,
			);
			runOnlyForDeploymentPostprocessing = 0;
		};
		21EF2DD62C0ADE6E006370A9 /* Sources */ = {
			isa = PBXSourcesBuildPhase;
			buildActionMask = 2147483647;
			files = (
				21EF2DDF2C0ADE6E006370A9 /* NearByTests.swift in Sources */,
			);
			runOnlyForDeploymentPostprocessing = 0;
		};
		21EF2DE02C0ADE6E006370A9 /* Sources */ = {
			isa = PBXSourcesBuildPhase;
			buildActionMask = 2147483647;
			files = (
				21EF2DE92C0ADE6E006370A9 /* NearByUITests.swift in Sources */,
				21EF2DEB2C0ADE6E006370A9 /* NearByUITestsLaunchTests.swift in Sources */,
			);
			runOnlyForDeploymentPostprocessing = 0;
		};
/* End PBXSourcesBuildPhase section */

/* Begin PBXTargetDependency section */
		21EF2DDC2C0ADE6E006370A9 /* PBXTargetDependency */ = {
			isa = PBXTargetDependency;
			target = 21EF2DC92C0ADE6C006370A9 /* NearBy */;
			targetProxy = 21EF2DDB2C0ADE6E006370A9 /* PBXContainerItemProxy */;
		};
		21EF2DE62C0ADE6E006370A9 /* PBXTargetDependency */ = {
			isa = PBXTargetDependency;
			target = 21EF2DC92C0ADE6C006370A9 /* NearBy */;
			targetProxy = 21EF2DE52C0ADE6E006370A9 /* PBXContainerItemProxy */;
		};
/* End PBXTargetDependency section */

/* Begin XCBuildConfiguration section */
		21EF2DEC2C0ADE6E006370A9 /* Debug */ = {
			isa = XCBuildConfiguration;
			buildSettings = {
				ALWAYS_SEARCH_USER_PATHS = NO;
				ASSETCATALOG_COMPILER_GENERATE_SWIFT_ASSET_SYMBOL_EXTENSIONS = YES;
				CLANG_ANALYZER_NONNULL = YES;
				CLANG_ANALYZER_NUMBER_OBJECT_CONVERSION = YES_AGGRESSIVE;
				CLANG_CXX_LANGUAGE_STANDARD = "gnu++20";
				CLANG_ENABLE_MODULES = YES;
				CLANG_ENABLE_OBJC_ARC = YES;
				CLANG_ENABLE_OBJC_WEAK = YES;
				CLANG_WARN_BLOCK_CAPTURE_AUTORELEASING = YES;
				CLANG_WARN_BOOL_CONVERSION = YES;
				CLANG_WARN_COMMA = YES;
				CLANG_WARN_CONSTANT_CONVERSION = YES;
				CLANG_WARN_DEPRECATED_OBJC_IMPLEMENTATIONS = YES;
				CLANG_WARN_DIRECT_OBJC_ISA_USAGE = YES_ERROR;
				CLANG_WARN_DOCUMENTATION_COMMENTS = YES;
				CLANG_WARN_EMPTY_BODY = YES;
				CLANG_WARN_ENUM_CONVERSION = YES;
				CLANG_WARN_INFINITE_RECURSION = YES;
				CLANG_WARN_INT_CONVERSION = YES;
				CLANG_WARN_NON_LITERAL_NULL_CONVERSION = YES;
				CLANG_WARN_OBJC_IMPLICIT_RETAIN_SELF = YES;
				CLANG_WARN_OBJC_LITERAL_CONVERSION = YES;
				CLANG_WARN_OBJC_ROOT_CLASS = YES_ERROR;
				CLANG_WARN_QUOTED_INCLUDE_IN_FRAMEWORK_HEADER = YES;
				CLANG_WARN_RANGE_LOOP_ANALYSIS = YES;
				CLANG_WARN_STRICT_PROTOTYPES = YES;
				CLANG_WARN_SUSPICIOUS_MOVE = YES;
				CLANG_WARN_UNGUARDED_AVAILABILITY = YES_AGGRESSIVE;
				CLANG_WARN_UNREACHABLE_CODE = YES;
				CLANG_WARN__DUPLICATE_METHOD_MATCH = YES;
				COPY_PHASE_STRIP = NO;
				DEBUG_INFORMATION_FORMAT = dwarf;
				ENABLE_STRICT_OBJC_MSGSEND = YES;
				ENABLE_TESTABILITY = YES;
				ENABLE_USER_SCRIPT_SANDBOXING = YES;
				GCC_C_LANGUAGE_STANDARD = gnu17;
				GCC_DYNAMIC_NO_PIC = NO;
				GCC_NO_COMMON_BLOCKS = YES;
				GCC_OPTIMIZATION_LEVEL = 0;
				GCC_PREPROCESSOR_DEFINITIONS = (
					"DEBUG=1",
					"$(inherited)",
				);
				GCC_WARN_64_TO_32_BIT_CONVERSION = YES;
				GCC_WARN_ABOUT_RETURN_TYPE = YES_ERROR;
				GCC_WARN_UNDECLARED_SELECTOR = YES;
				GCC_WARN_UNINITIALIZED_AUTOS = YES_AGGRESSIVE;
				GCC_WARN_UNUSED_FUNCTION = YES;
				GCC_WARN_UNUSED_VARIABLE = YES;
				IPHONEOS_DEPLOYMENT_TARGET = 17.0;
				LOCALIZATION_PREFERS_STRING_CATALOGS = YES;
				MTL_ENABLE_DEBUG_INFO = INCLUDE_SOURCE;
				MTL_FAST_MATH = YES;
				ONLY_ACTIVE_ARCH = YES;
				SDKROOT = iphoneos;
				SWIFT_ACTIVE_COMPILATION_CONDITIONS = "DEBUG $(inherited)";
				SWIFT_OPTIMIZATION_LEVEL = "-Onone";
			};
			name = Debug;
		};
		21EF2DED2C0ADE6E006370A9 /* Release */ = {
			isa = XCBuildConfiguration;
			buildSettings = {
				ALWAYS_SEARCH_USER_PATHS = NO;
				ASSETCATALOG_COMPILER_GENERATE_SWIFT_ASSET_SYMBOL_EXTENSIONS = YES;
				CLANG_ANALYZER_NONNULL = YES;
				CLANG_ANALYZER_NUMBER_OBJECT_CONVERSION = YES_AGGRESSIVE;
				CLANG_CXX_LANGUAGE_STANDARD = "gnu++20";
				CLANG_ENABLE_MODULES = YES;
				CLANG_ENABLE_OBJC_ARC = YES;
				CLANG_ENABLE_OBJC_WEAK = YES;
				CLANG_WARN_BLOCK_CAPTURE_AUTORELEASING = YES;
				CLANG_WARN_BOOL_CONVERSION = YES;
				CLANG_WARN_COMMA = YES;
				CLANG_WARN_CONSTANT_CONVERSION = YES;
				CLANG_WARN_DEPRECATED_OBJC_IMPLEMENTATIONS = YES;
				CLANG_WARN_DIRECT_OBJC_ISA_USAGE = YES_ERROR;
				CLANG_WARN_DOCUMENTATION_COMMENTS = YES;
				CLANG_WARN_EMPTY_BODY = YES;
				CLANG_WARN_ENUM_CONVERSION = YES;
				CLANG_WARN_INFINITE_RECURSION = YES;
				CLANG_WARN_INT_CONVERSION = YES;
				CLANG_WARN_NON_LITERAL_NULL_CONVERSION = YES;
				CLANG_WARN_OBJC_IMPLICIT_RETAIN_SELF = YES;
				CLANG_WARN_OBJC_LITERAL_CONVERSION = YES;
				CLANG_WARN_OBJC_ROOT_CLASS = YES_ERROR;
				CLANG_WARN_QUOTED_INCLUDE_IN_FRAMEWORK_HEADER = YES;
				CLANG_WARN_RANGE_LOOP_ANALYSIS = YES;
				CLANG_WARN_STRICT_PROTOTYPES = YES;
				CLANG_WARN_SUSPICIOUS_MOVE = YES;
				CLANG_WARN_UNGUARDED_AVAILABILITY = YES_AGGRESSIVE;
				CLANG_WARN_UNREACHABLE_CODE = YES;
				CLANG_WARN__DUPLICATE_METHOD_MATCH = YES;
				COPY_PHASE_STRIP = NO;
				DEBUG_INFORMATION_FORMAT = "dwarf-with-dsym";
				ENABLE_NS_ASSERTIONS = NO;
				ENABLE_STRICT_OBJC_MSGSEND = YES;
				ENABLE_USER_SCRIPT_SANDBOXING = YES;
				GCC_C_LANGUAGE_STANDARD = gnu17;
				GCC_NO_COMMON_BLOCKS = YES;
				GCC_WARN_64_TO_32_BIT_CONVERSION = YES;
				GCC_WARN_ABOUT_RETURN_TYPE = YES_ERROR;
				GCC_WARN_UNDECLARED_SELECTOR = YES;
				GCC_WARN_UNINITIALIZED_AUTOS = YES_AGGRESSIVE;
				GCC_WARN_UNUSED_FUNCTION = YES;
				GCC_WARN_UNUSED_VARIABLE = YES;
				IPHONEOS_DEPLOYMENT_TARGET = 17.0;
				LOCALIZATION_PREFERS_STRING_CATALOGS = YES;
				MTL_ENABLE_DEBUG_INFO = NO;
				MTL_FAST_MATH = YES;
				SDKROOT = iphoneos;
				SWIFT_COMPILATION_MODE = wholemodule;
				VALIDATE_PRODUCT = YES;
			};
			name = Release;
		};
		21EF2DEF2C0ADE6E006370A9 /* Debug */ = {
			isa = XCBuildConfiguration;
			buildSettings = {
				ASSETCATALOG_COMPILER_APPICON_NAME = AppIcon;
				ASSETCATALOG_COMPILER_GLOBAL_ACCENT_COLOR_NAME = AccentColor;
				CODE_SIGN_STYLE = Automatic;
				CURRENT_PROJECT_VERSION = 1;
				DEVELOPMENT_ASSET_PATHS = "\"NearBy/Preview Content\"";
				ENABLE_PREVIEWS = YES;
				GENERATE_INFOPLIST_FILE = YES;
				INFOPLIST_KEY_NSLocationWhenInUseUsageDescription = "We need your location to show nearby venues";
				INFOPLIST_KEY_UIApplicationSceneManifest_Generation = YES;
				INFOPLIST_KEY_UIApplicationSupportsIndirectInputEvents = YES;
				INFOPLIST_KEY_UILaunchScreen_Generation = YES;
				INFOPLIST_KEY_UISupportedInterfaceOrientations = UIInterfaceOrientationPortrait;
				LD_RUNPATH_SEARCH_PATHS = (
					"$(inherited)",
					"@executable_path/Frameworks",
				);
				MARKETING_VERSION = 1.0;
				PRODUCT_BUNDLE_IDENTIFIER = com.sawankumar.NearBy;
				PRODUCT_NAME = "$(TARGET_NAME)";
				SWIFT_EMIT_LOC_STRINGS = YES;
				SWIFT_VERSION = 5.0;
				TARGETED_DEVICE_FAMILY = "1,2";
			};
			name = Debug;
		};
		21EF2DF02C0ADE6E006370A9 /* Release */ = {
			isa = XCBuildConfiguration;
			buildSettings = {
				ASSETCATALOG_COMPILER_APPICON_NAME = AppIcon;
				ASSETCATALOG_COMPILER_GLOBAL_ACCENT_COLOR_NAME = AccentColor;
				CODE_SIGN_STYLE = Automatic;
				CURRENT_PROJECT_VERSION = 1;
				DEVELOPMENT_ASSET_PATHS = "\"NearBy/Preview Content\"";
				ENABLE_PREVIEWS = YES;
				GENERATE_INFOPLIST_FILE = YES;
				INFOPLIST_KEY_NSLocationWhenInUseUsageDescription = "We need your location to show nearby venues";
				INFOPLIST_KEY_UIApplicationSceneManifest_Generation = YES;
				INFOPLIST_KEY_UIApplicationSupportsIndirectInputEvents = YES;
				INFOPLIST_KEY_UILaunchScreen_Generation = YES;
				INFOPLIST_KEY_UISupportedInterfaceOrientations = UIInterfaceOrientationPortrait;
				LD_RUNPATH_SEARCH_PATHS = (
					"$(inherited)",
					"@executable_path/Frameworks",
				);
				MARKETING_VERSION = 1.0;
				PRODUCT_BUNDLE_IDENTIFIER = com.sawankumar.NearBy;
				PRODUCT_NAME = "$(TARGET_NAME)";
				SWIFT_EMIT_LOC_STRINGS = YES;
				SWIFT_VERSION = 5.0;
				TARGETED_DEVICE_FAMILY = "1,2";
			};
			name = Release;
		};
		21EF2DF22C0ADE6E006370A9 /* Debug */ = {
			isa = XCBuildConfiguration;
			buildSettings = {
				ALWAYS_EMBED_SWIFT_STANDARD_LIBRARIES = YES;
				BUNDLE_LOADER = "$(TEST_HOST)";
				CODE_SIGN_STYLE = Automatic;
				CURRENT_PROJECT_VERSION = 1;
				GENERATE_INFOPLIST_FILE = YES;
				IPHONEOS_DEPLOYMENT_TARGET = 17.0;
				MARKETING_VERSION = 1.0;
				PRODUCT_BUNDLE_IDENTIFIER = com.sawankumar.NearByTests;
				PRODUCT_NAME = "$(TARGET_NAME)";
				SWIFT_EMIT_LOC_STRINGS = NO;
				SWIFT_VERSION = 5.0;
				TARGETED_DEVICE_FAMILY = "1,2";
				TEST_HOST = "$(BUILT_PRODUCTS_DIR)/NearBy.app/$(BUNDLE_EXECUTABLE_FOLDER_PATH)/NearBy";
			};
			name = Debug;
		};
		21EF2DF32C0ADE6E006370A9 /* Release */ = {
			isa = XCBuildConfiguration;
			buildSettings = {
				ALWAYS_EMBED_SWIFT_STANDARD_LIBRARIES = YES;
				BUNDLE_LOADER = "$(TEST_HOST)";
				CODE_SIGN_STYLE = Automatic;
				CURRENT_PROJECT_VERSION = 1;
				GENERATE_INFOPLIST_FILE = YES;
				IPHONEOS_DEPLOYMENT_TARGET = 17.0;
				MARKETING_VERSION = 1.0;
				PRODUCT_BUNDLE_IDENTIFIER = com.sawankumar.NearByTests;
				PRODUCT_NAME = "$(TARGET_NAME)";
				SWIFT_EMIT_LOC_STRINGS = NO;
				SWIFT_VERSION = 5.0;
				TARGETED_DEVICE_FAMILY = "1,2";
				TEST_HOST = "$(BUILT_PRODUCTS_DIR)/NearBy.app/$(BUNDLE_EXECUTABLE_FOLDER_PATH)/NearBy";
			};
			name = Release;
		};
		21EF2DF52C0ADE6E006370A9 /* Debug */ = {
			isa = XCBuildConfiguration;
			buildSettings = {
				ALWAYS_EMBED_SWIFT_STANDARD_LIBRARIES = YES;
				CODE_SIGN_STYLE = Automatic;
				CURRENT_PROJECT_VERSION = 1;
				GENERATE_INFOPLIST_FILE = YES;
				MARKETING_VERSION = 1.0;
				PRODUCT_BUNDLE_IDENTIFIER = com.sawankumar.NearByUITests;
				PRODUCT_NAME = "$(TARGET_NAME)";
				SWIFT_EMIT_LOC_STRINGS = NO;
				SWIFT_VERSION = 5.0;
				TARGETED_DEVICE_FAMILY = "1,2";
				TEST_TARGET_NAME = NearBy;
			};
			name = Debug;
		};
		21EF2DF62C0ADE6E006370A9 /* Release */ = {
			isa = XCBuildConfiguration;
			buildSettings = {
				ALWAYS_EMBED_SWIFT_STANDARD_LIBRARIES = YES;
				CODE_SIGN_STYLE = Automatic;
				CURRENT_PROJECT_VERSION = 1;
				GENERATE_INFOPLIST_FILE = YES;
				MARKETING_VERSION = 1.0;
				PRODUCT_BUNDLE_IDENTIFIER = com.sawankumar.NearByUITests;
				PRODUCT_NAME = "$(TARGET_NAME)";
				SWIFT_EMIT_LOC_STRINGS = NO;
				SWIFT_VERSION = 5.0;
				TARGETED_DEVICE_FAMILY = "1,2";
				TEST_TARGET_NAME = NearBy;
			};
			name = Release;
		};
/* End XCBuildConfiguration section */

/* Begin XCConfigurationList section */
		21EF2DC52C0ADE6C006370A9 /* Build configuration list for PBXProject "NearBy" */ = {
			isa = XCConfigurationList;
			buildConfigurations = (
				21EF2DEC2C0ADE6E006370A9 /* Debug */,
				21EF2DED2C0ADE6E006370A9 /* Release */,
			);
			defaultConfigurationIsVisible = 0;
			defaultConfigurationName = Release;
		};
		21EF2DEE2C0ADE6E006370A9 /* Build configuration list for PBXNativeTarget "NearBy" */ = {
			isa = XCConfigurationList;
			buildConfigurations = (
				21EF2DEF2C0ADE6E006370A9 /* Debug */,
				21EF2DF02C0ADE6E006370A9 /* Release */,
			);
			defaultConfigurationIsVisible = 0;
			defaultConfigurationName = Release;
		};
		21EF2DF12C0ADE6E006370A9 /* Build configuration list for PBXNativeTarget "NearByTests" */ = {
			isa = XCConfigurationList;
			buildConfigurations = (
				21EF2DF22C0ADE6E006370A9 /* Debug */,
				21EF2DF32C0ADE6E006370A9 /* Release */,
			);
			defaultConfigurationIsVisible = 0;
			defaultConfigurationName = Release;
		};
		21EF2DF42C0ADE6E006370A9 /* Build configuration list for PBXNativeTarget "NearByUITests" */ = {
			isa = XCConfigurationList;
			buildConfigurations = (
				21EF2DF52C0ADE6E006370A9 /* Debug */,
				21EF2DF62C0ADE6E006370A9 /* Release */,
			);
			defaultConfigurationIsVisible = 0;
			defaultConfigurationName = Release;
		};
/* End XCConfigurationList section */
	};
	rootObject = 21EF2DC22C0ADE6C006370A9 /* Project object */;
}
